
Microsoft Visual Studio Solution File, Format Version 12.00
# Visual Studio 15
VisualStudioVersion = 15.0.28010.2036
MinimumVisualStudioVersion = 10.0.40219.1
Project("{FAE04EC0-301F-11D3-BF4B-00C04F79EFBC}") = "Michiko", "Michiko\Michiko.csproj", "{DE179485-65E1-4BC8-9DAF-DBAC51CCA10E}"
EndProject
Project("{FAE04EC0-301F-11D3-BF4B-00C04F79EFBC}") = "Michiko.Tests", "Michiko.Tests\Michiko.Tests.csproj", "{34DDDD1E-1F1F-4BF4-8132-D281DA43F013}"
EndProject
Global
	GlobalSection(SolutionConfigurationPlatforms) = preSolution
		Debug|Any CPU = Debug|Any CPU
		Release|Any CPU = Release|Any CPU
	EndGlobalSection
	GlobalSection(ProjectConfigurationPlatforms) = postSolution
		{DE179485-65E1-4BC8-9DAF-DBAC51CCA10E}.Debug|Any CPU.ActiveCfg = Debug|Any CPU
		{DE179485-65E1-4BC8-9DAF-DBAC51CCA10E}.Debug|Any CPU.Build.0 = Debug|Any CPU
		{DE179485-65E1-4BC8-9DAF-DBAC51CCA10E}.Release|Any CPU.ActiveCfg = Release|Any CPU
		{DE179485-65E1-4BC8-9DAF-DBAC51CCA10E}.Release|Any CPU.Build.0 = Release|Any CPU
		{34DDDD1E-1F1F-4BF4-8132-D281DA43F013}.Debug|Any CPU.ActiveCfg = Debug|Any CPU
		{34DDDD1E-1F1F-4BF4-8132-D281DA43F013}.Debug|Any CPU.Build.0 = Debug|Any CPU
		{34DDDD1E-1F1F-4BF4-8132-D281DA43F013}.Release|Any CPU.ActiveCfg = Release|Any CPU
		{34DDDD1E-1F1F-4BF4-8132-D281DA43F013}.Release|Any CPU.Build.0 = Release|Any CPU
	EndGlobalSection
	GlobalSection(SolutionProperties) = preSolution
		HideSolutionNode = FALSE
	EndGlobalSection
	GlobalSection(ExtensibilityGlobals) = postSolution
		SolutionGuid = {9A33BBEC-06C7-4E77-9861-6B1210A3A4A0}
	EndGlobalSection
EndGlobal
